
Microsoft Visual Studio Solution File, Format Version 12.00
# Visual Studio Version 17
VisualStudioVersion = 17.6.33815.320
MinimumVisualStudioVersion = 10.0.40219.1
Project("{FAE04EC0-301F-11D3-BF4B-00C04F79EFBC}") = "PedraPapelTesoura", "PedraPapelTesoura\PedraPapelTesoura.csproj", "{78AC8823-E6FC-4A0A-80DC-C9573D1BDD5B}"
EndProject
Global
	GlobalSection(SolutionConfigurationPlatforms) = preSolution
		Debug|Any CPU = Debug|Any CPU
		Release|Any CPU = Release|Any CPU
	EndGlobalSection
	GlobalSection(ProjectConfigurationPlatforms) = postSolution
		{78AC8823-E6FC-4A0A-80DC-C9573D1BDD5B}.Debug|Any CPU.ActiveCfg = Debug|Any CPU
		{78AC8823-E6FC-4A0A-80DC-C9573D1BDD5B}.Debug|Any CPU.Build.0 = Debug|Any CPU
		{78AC8823-E6FC-4A0A-80DC-C9573D1BDD5B}.Release|Any CPU.ActiveCfg = Release|Any CPU
		{78AC8823-E6FC-4A0A-80DC-C9573D1BDD5B}.Release|Any CPU.Build.0 = Release|Any CPU
	EndGlobalSection
	GlobalSection(SolutionProperties) = preSolution
		HideSolutionNode = FALSE
	EndGlobalSection
	GlobalSection(ExtensibilityGlobals) = postSolution
		SolutionGuid = {6E99F338-0599-447F-B5B6-BA702A93C4AC}
	EndGlobalSection
EndGlobal
